
Microsoft Visual Studio Solution File, Format Version 12.00
# Visual Studio Version 16
VisualStudioVersion = 16.0.30104.148
MinimumVisualStudioVersion = 10.0.40219.1
Project("{FAE04EC0-301F-11D3-BF4B-00C04F79EFBC}") = "WPF-Game", "WPF-Game\WPF-Game.csproj", "{D6B06E9E-B31E-4913-ADD6-F77C3FE24CFD}"
EndProject
Global
	GlobalSection(SolutionConfigurationPlatforms) = preSolution
		Debug|Any CPU = Debug|Any CPU
		Release|Any CPU = Release|Any CPU
	EndGlobalSection
	GlobalSection(ProjectConfigurationPlatforms) = postSolution
		{D6B06E9E-B31E-4913-ADD6-F77C3FE24CFD}.Debug|Any CPU.ActiveCfg = Debug|Any CPU
		{D6B06E9E-B31E-4913-ADD6-F77C3FE24CFD}.Debug|Any CPU.Build.0 = Debug|Any CPU
		{D6B06E9E-B31E-4913-ADD6-F77C3FE24CFD}.Release|Any CPU.ActiveCfg = Release|Any CPU
		{D6B06E9E-B31E-4913-ADD6-F77C3FE24CFD}.Release|Any CPU.Build.0 = Release|Any CPU
	EndGlobalSection
	GlobalSection(SolutionProperties) = preSolution
		HideSolutionNode = FALSE
	EndGlobalSection
	GlobalSection(ExtensibilityGlobals) = postSolution
		SolutionGuid = {36998BD5-A2C2-4C16-A569-CED246137886}
	EndGlobalSection
EndGlobal
